
Microsoft Visual Studio Solution File, Format Version 12.00
# Visual Studio 15
VisualStudioVersion = 15.0.28307.852
MinimumVisualStudioVersion = 10.0.40219.1
Project("{FAE04EC0-301F-11D3-BF4B-00C04F79EFBC}") = "Ratony Teclado", "Ratony Teclado\Ratony Teclado.csproj", "{8B9358D4-C54E-43F5-BA18-41106B3735BE}"
EndProject
Global
	GlobalSection(SolutionConfigurationPlatforms) = preSolution
		Debug|Any CPU = Debug|Any CPU
		Release|Any CPU = Release|Any CPU
	EndGlobalSection
	GlobalSection(ProjectConfigurationPlatforms) = postSolution
		{8B9358D4-C54E-43F5-BA18-41106B3735BE}.Debug|Any CPU.ActiveCfg = Debug|Any CPU
		{8B9358D4-C54E-43F5-BA18-41106B3735BE}.Debug|Any CPU.Build.0 = Debug|Any CPU
		{8B9358D4-C54E-43F5-BA18-41106B3735BE}.Release|Any CPU.ActiveCfg = Release|Any CPU
		{8B9358D4-C54E-43F5-BA18-41106B3735BE}.Release|Any CPU.Build.0 = Release|Any CPU
	EndGlobalSection
	GlobalSection(SolutionProperties) = preSolution
		HideSolutionNode = FALSE
	EndGlobalSection
	GlobalSection(ExtensibilityGlobals) = postSolution
		SolutionGuid = {F63E26FA-6DE3-4A31-B3E2-D08E3EB52521}
	EndGlobalSection
EndGlobal
